---
lockfileVersion: '9.0'

importers:

  .:
    configDependencies: {}
    packageManagerDependencies:
      pnpm:
        specifier: 12.3.4
        version: 12.3.4

packages:

  '@pnpm/exe.darwin-arm64@12.3.4':
    resolution: {integrity: sha512-PAyUol8T1+/+ViOiXAt51ECA+QnfXCqz6foL4bW+LsoX0NcVd5XVEM2mRQu+LV4oc7uRz9zf9U0P+XFfuQeDAw==}
    cpu: [arm64]
    os: [darwin]

  '@pnpm/exe.darwin-x64@12.3.4':
    resolution: {integrity: sha512-fxP9JCk0Cdye+ePuj+GJJLMUMTqHGWRdb1dtv4How876uQ2ehxvenpgiYAir/ceO9PsYUZkFTtyZdx+rRu5QOA==}
    cpu: [x64]
    os: [darwin]

  '@pnpm/exe.linux-arm64-musl@12.3.4':
    resolution: {integrity: sha512-FBOt0/7ye6O6q4AllVV5QMviB6qE6fqkeczV/+MDWQsmo+QJrlfsh6X7CpH/tClVpBZEyIbjpUoT8bNhCYBxEg==}
    cpu: [arm64]
    os: [linux]
    libc: [musl]

  '@pnpm/exe.linux-arm64@12.3.4':
    resolution: {integrity: sha512-t71AVA7LRqiKTyZ5xMYaZc2n5DfdpMbfokZuiIOXHBOM03ECnF0t4iYwaBDqJgVjlKYUOwaF/bRQajGNA4cJ4w==}
    cpu: [arm64]
    os: [linux]
    libc: [glibc]

  '@pnpm/exe.linux-x64-musl@12.3.4':
    resolution: {integrity: sha512-RPmk7Jb/aYaFvL2iyDN/AtMY+hUEsue732WmXpcuQ9tBpMnGyA5py7Z3+e+qmQaJ0zY/4ni9jJiyPBQHujmv6w==}
    cpu: [x64]
    os: [linux]
    libc: [musl]

  '@pnpm/exe.linux-x64@12.3.4':
    resolution: {integrity: sha512-2ZqOlSPkfwX1h5cR+FPiWf8+F+2hZT/3TvhUK5sigHqwaQCIiq8R7CGxhndKs63JtcLi2a1Qpo+wX/EoyfjyJQ==}
    cpu: [x64]
    os: [linux]
    libc: [glibc]

  '@pnpm/exe.win32-arm64@12.3.4':
    resolution: {integrity: sha512-ANyrHqyqco6SXBysUTRF74itDyyraea7IbFsKFdNXTjcFnfycTDx37EwuhdpPYFNSIh2JhUG4fByclsRfiHX7w==}
    cpu: [arm64]
    os: [win32]

  '@pnpm/exe.win32-x64@12.3.4':
    resolution: {integrity: sha512-WH/KqBPY/hq2Tb7SgQltEZytimcjgKRaCRL/aM9CI0c67iKc5TVmHUhIiL3Ux9FB4bWn36i6XewUcScQI+zG8w==}
    cpu: [x64]
    os: [win32]

  pnpm@12.3.4:
    resolution: {integrity: sha512-lhqkH7B32joEpEHZ+OFevAyW2o73ELLrZ7+e58sGEOq9SPH9hfUc/+c4RnhfoPh8VqOocqHYk/hEZ0G1zORUVw==}
    engines: {node: '>=18.*'}
    hasBin: true

snapshots:

  '@pnpm/exe.darwin-arm64@12.3.4':
    optional: true

  '@pnpm/exe.darwin-x64@12.3.4':
    optional: true

  '@pnpm/exe.linux-arm64-musl@12.3.4':
    optional: true

  '@pnpm/exe.linux-arm64@12.3.4':
    optional: true

  '@pnpm/exe.linux-x64-musl@12.3.4':
    optional: true

  '@pnpm/exe.linux-x64@12.3.4':
    optional: true

  '@pnpm/exe.win32-arm64@12.3.4':
    optional: true

  '@pnpm/exe.win32-x64@12.3.4':
    optional: true

  pnpm@12.3.4:
    optionalDependencies:
      '@pnpm/exe.darwin-arm64': 12.3.4
      '@pnpm/exe.darwin-x64': 12.3.4
      '@pnpm/exe.linux-arm64': 12.3.4
      '@pnpm/exe.linux-arm64-musl': 12.3.4
      '@pnpm/exe.linux-x64': 12.3.4
      '@pnpm/exe.linux-x64-musl': 12.3.4
      '@pnpm/exe.win32-arm64': 12.3.4
      '@pnpm/exe.win32-x64': 12.3.4

---
lockfileVersion: '9.0'

settings:
  autoInstallPeers: true
  excludeLinksFromLockfile: false

importers:

  .:
    dependencies:
      '@actions/core':
        specifier: ^3.0.1
        version: 3.0.1
      '@aws-sdk/client-s3':
        specifier: ^3.1126.0
        version: 3.1126.0
      '@aws-sdk/client-ssm':
        specifier: ^3.1126.0
        version: 3.1126.0
    devDependencies:
      '@vercel/ncc':
        specifier: ^0.45.0
        version: 0.45.0

packages:

  '@actions/core@3.0.1':
    resolution: {integrity: sha512-a6d/Nwahm9fliVGRhdhofo40HjHQasUPusmc7vBfyky+7Z+P2A1J68zyFVaNcEclc/Se+eO595oAr5nwEIoIUA==}

  '@actions/exec@3.0.0':
    resolution: {integrity: sha512-6xH/puSoNBXb72VPlZVm7vQ+svQpFyA96qdDBvhB8eNZOE8LtPf9L4oAsfzK/crCL8YZ+19fKYVnM63Sl+Xzlw==}

  '@actions/http-client@4.0.1':
    resolution: {integrity: sha512-+Nvd1ImaOZBSoPbsUtEhv+1z99H12xzncCkz0a3RuehINE81FZSe2QTj3uvAPTcJX/SCzUQHQ0D1GrPMbrPitg==}

  '@actions/io@3.0.2':
    resolution: {integrity: sha512-nRBchcMM+QK1pdjO7/idu86rbJI5YHUKCvKs0KxnSYbVe3F51UfGxuZX4Qy/fWlp6l7gWFwIkrOzN+oUK03kfw==}

  '@aws-sdk/checksums@3.1000.29':
    resolution: {integrity: sha512-Dtu0gr4dnATZAPwEYbpCsG+MpLM7OAliy2gTepEFQwl1vZ6DL3QMH2FveMa3HLvPsOdhJsPRB3KtxVhph9T75A==}
    engines: {node: '>=20.0.0'}

  '@aws-sdk/client-s3@3.1126.0':
    resolution: {integrity: sha512-9v+D5TOnISyWDBkY5N+lSeQ3/pPNi1bltpd7wfY2nALO7GoGq9QbRQ8KyI4j/ctnnHq40otqV5KWKYARdYI0vg==}
    engines: {node: '>=20.0.0'}

  '@aws-sdk/client-ssm@3.1126.0':
    resolution: {integrity: sha512-hQxAWBjkcybPyKerH9jCZ6p/Ph9W4lnrdE7UHCXcJEY4u4M/peGXs0hyxtEdMtTkmE3icctadJQpYIbzfcdo2g==}
    engines: {node: '>=20.0.0'}

  '@aws-sdk/core@3.977.9':
    resolution: {integrity: sha512-reqPFEQrZxDZpeGj4PFMepBeR5LGYHRqq/L0motTzgFkCRBA4rFdaVXDSLYyGHhxVz7sT2PDnPN9CluGSfgyJA==}
    engines: {node: '>=20.0.0'}

  '@aws-sdk/credential-provider-env@3.972.70':
    resolution: {integrity: sha512-H404B7dJl2mCrBqahDEYsanB0xhdDp6tXnXcTUnXmmpy2Q3J0Ho0bUajZ2jr/RdwzCyS59Gi8xXIFwPLGBl6Uw==}
    engines: {node: '>=20.0.0'}

  '@aws-sdk/credential-provider-http@3.972.72':
    resolution: {integrity: sha512-X98zYOrVOeuosCX+6ktf29FC2N2GHPLia7qv6mzPzTc+RPAuHWCDS++Z6JK7eGYqb/v6uaW7bAXaOvDBfol+0w==}
    engines: {node: '>=20.0.0'}

  '@aws-sdk/credential-provider-ini@3.973.15':
    resolution: {integrity: sha512-Rykg6s5ceBuynMOGWgoowO4N+27JfnqXAnVaSunZl0hOO1XodSrxGNz6sCEbnmS0lAfQZDKyb3fbr46gSuv6Sg==}
    engines: {node: '>=20.0.0'}

  '@aws-sdk/credential-provider-login@3.972.77':
    resolution: {integrity: sha512-Jb59xfEISoN5mmbnA+HYqdtrSX3CgCtJoof+V5D8/TgUI56W63GEEd5Y58WijU3Ou6+WEgaLD1feVzaRXV5IDQ==}
    engines: {node: '>=20.0.0'}

  '@aws-sdk/credential-provider-node@3.972.82':
    resolution: {integrity: sha512-znDkEOGXB8W3kG1LJUKP3foBZY/9qLM0eil/DxWXSp37XsdsRLQHE/d/OaCGGVgKpA6znR38h/+INk8do1FjiA==}
    engines: {node: '>=20.0.0'}

  '@aws-sdk/credential-provider-process@3.972.70':
    resolution: {integrity: sha512-2ry03fGRJr4sV3jI+ocjj5JqALnFD6ymM5KiNCDZMvq8bX2GSbE0vji4aM43TVCl2nXqqLRZaUxdq/KeWRAY4Q==}
    engines: {node: '>=20.0.0'}

  '@aws-sdk/credential-provider-sso@3.973.14':
    resolution: {integrity: sha512-jkhg/8ocAAoc0RFyLMhCw+/zZh7gystQgd4F4hznNa8P4Cc501PQmxd+jGLiMHodPJ+7Zv/3znM62gZojyasmA==}
    engines: {node: '>=20.0.0'}

  '@aws-sdk/credential-provider-web-identity@3.972.76':
    resolution: {integrity: sha512-d3AGyVu759PGr35mEB2s22xxlNEA5rpdxtSPJthfPFJvoQ8dt357iVPECqWfUxXp1toJAvKmbtcIYVGigaGsCA==}
    engines: {node: '>=20.0.0'}

  '@aws-sdk/middleware-sdk-s3@3.972.75':
    resolution: {integrity: sha512-wMIsNumRVKaNMKhvU/s9VrdEwE8S6gSzXp4RygFG5BEMnGkkXf8cjh8zf7cKJBpUDpqTWqwbz5isEgp9rH6Lng==}
    engines: {node: '>=20.0.0'}

  '@aws-sdk/nested-clients@3.997.44':
    resolution: {integrity: sha512-NhEgryjlBF9w38ZXqGymQV28IhkYa1mKhlbYnqIis57AYwWGVYfUPgg/qC2rLRqOUfblxx++irvju10kVTa8Vw==}
    engines: {node: '>=20.0.0'}

  '@aws-sdk/signature-v4-multi-region@3.996.46':
    resolution: {integrity: sha512-L+2xZTye/2T96f3lwCws0Zw6GG2JHZW9e8FpVgGBeeExSKyeoZ6CWRpBml/7DNiK/O26jrgPM9F+Ay8VkgzUWQ==}
    engines: {node: '>=20.0.0'}

  '@aws-sdk/token-providers@3.1116.0':
    resolution: {integrity: sha512-ygIivKqh8aHzNkucOCXHyIBgBpLPfrSI0mCqXF+vLBsPTUKqj0VSqAY0GFPe7lQl4HntjOcQ+KSyS7oUV2C54Q==}
    engines: {node: '>=20.0.0'}

  '@aws-sdk/types@3.974.5':
    resolution: {integrity: sha512-LkwLL2BLbC6wNNm4JaH9mbEqBMdOZCct6VAYqhdN4U1xrWM+fUJQEfbHwQgDypapOWTRtlk25akb5afM0P8CIQ==}
    engines: {node: '>=20.0.0'}

  '@aws-sdk/xml-builder@3.972.40':
    resolution: {integrity: sha512-wlFmCIGUlwF4zx/kncw+bmxTQh1HeSJq4mYV/V5cZUSJadDP3kXvGW8Rn21cimj/7y9ju+47oYWXi97vF7czaA==}
    engines: {node: '>=20.0.0'}

  '@aws/lambda-invoke-store@0.3.0':
    resolution: {integrity: sha512-sl4Bm6yiMNYrZKkqqDFWN0UfnWhlS8ivKxrYl+6t0gCLrqr8y3B2IqZZbFRkfaVVp7C/baApyh71P+LeE1A2sQ==}
    engines: {node: '>=18.0.0'}

  '@smithy/core@3.33.3':
    resolution: {integrity: sha512-CsOeKq/9kA3y6VJHt+/+VTCtBaxJ4OTFpgrjIUhPpDIKxBci1k2bJaQASF2h/ELWrulGp+t97DZ0mevfAD8idg==}
    engines: {node: '>=18.0.0'}

  '@smithy/credential-provider-imds@4.5.2':
    resolution: {integrity: sha512-A9uSdn72ozbRUSit0eib0TW7nXuNPlaeM0zcGkJ+nE6tFcSDbnmtwoxbTCFBukVQcszDAyvsd7+rTduPTXpygg==}
    engines: {node: '>=18.0.0'}

  '@smithy/fetch-http-handler@5.8.0':
    resolution: {integrity: sha512-ycSJu3tFAQ4v04CBB0agqFMVsSQ1iG3yw+SpgxRqKfaURpQD4CZ8Wn0zPMmSnOuTpTh65Vz+EA0rMrw089wvkA==}
    engines: {node: '>=18.0.0'}

  '@smithy/node-http-handler@4.12.1':
    resolution: {integrity: sha512-ThMkboGeONWXAelq9FvGsuJC4rOi+qyC4/zhUF58xYpxUg5sQKx2VXZYJmtNjr4dSuBJ1HeJXETQILCz3wOHvw==}
    engines: {node: '>=18.0.0'}

  '@smithy/signature-v4@5.7.3':
    resolution: {integrity: sha512-7ImGm+FkHRLcBaRttIAMZ6bzJZWb2cJGoYjq46F2UjycujWzrL9GEN9h4w7eQyXJYnltrUhxbbieBAIRrdqpow==}
    engines: {node: '>=18.0.0'}

  '@smithy/types@4.18.0':
    resolution: {integrity: sha512-CgB6HHWer/vrKps24ulRIbpcpb7K4xAU7SkZ7YHzBPlwHsvsrCJFEXK421s+cJzX+ZrqtA/TuU5w1HzI7k9N8A==}
    engines: {node: '>=18.0.0'}

  '@vercel/ncc@0.45.0':
    resolution: {integrity: sha512-8zPi1yO2mHpoKTD+e+Bf0ZT3e+sWHSOyGapm9s7b5R0gxJi3CiFTqmeQiMEyu6ejrz2s09M8JkEoUaTWjBJPQQ==}
    hasBin: true

  bowser@2.14.1:
    resolution: {integrity: sha512-tzPjzCxygAKWFOJP011oxFHs57HzIhOEracIgAePE4pqB3LikALKnSzUyU4MGs9/iCEUuHlAJTjTc5M+u7YEGg==}

  tslib@2.8.1:
    resolution: {integrity: sha512-oJFu94HQb+KVduSUQL7wnpmqnfmLsOA/nAh6b6EH0wCEoK0/mPeXU6c3wKDV83MkOuHPRHtSXKKU99IBazS/2w==}

  tunnel@0.0.6:
    resolution: {integrity: sha512-1h/Lnq9yajKY2PEbBadPXj3VxsDDu844OnaAo52UVmIzIvwwtBPIuNvkjuzBlTWpfJyUbG3ez0KSBibQkj4ojg==}
    engines: {node: '>=0.6.11 <=0.7.0 || >=0.7.3'}

  undici@6.28.0:
    resolution: {integrity: sha512-LIY910g9TI13YS95lrMFrs8Rm/u/irgHeTWoKCoteeJ04CUJ92eEfj0rVn+7VKMPBpUPiUoBKfhNyLI23EE/KA==}
    engines: {node: '>=18.17'}

snapshots:

  '@actions/core@3.0.1':
    dependencies:
      '@actions/exec': 3.0.0
      '@actions/http-client': 4.0.1

  '@actions/exec@3.0.0':
    dependencies:
      '@actions/io': 3.0.2

  '@actions/http-client@4.0.1':
    dependencies:
      tunnel: 0.0.6
      undici: 6.28.0

  '@actions/io@3.0.2': {}

  '@aws-sdk/checksums@3.1000.29':
    dependencies:
      '@aws-sdk/core': 3.977.9
      '@aws-sdk/types': 3.974.5
      '@smithy/core': 3.33.3
      '@smithy/types': 4.18.0
      tslib: 2.8.1

  '@aws-sdk/client-s3@3.1126.0':
    dependencies:
      '@aws-sdk/checksums': 3.1000.29
      '@aws-sdk/core': 3.977.9
      '@aws-sdk/credential-provider-node': 3.972.82
      '@aws-sdk/middleware-sdk-s3': 3.972.75
      '@aws-sdk/signature-v4-multi-region': 3.996.46
      '@aws-sdk/types': 3.974.5
      '@smithy/core': 3.33.3
      '@smithy/fetch-http-handler': 5.8.0
      '@smithy/node-http-handler': 4.12.1
      '@smithy/types': 4.18.0
      tslib: 2.8.1

  '@aws-sdk/client-ssm@3.1126.0':
    dependencies:
      '@aws-sdk/core': 3.977.9
      '@aws-sdk/credential-provider-node': 3.972.82
      '@aws-sdk/types': 3.974.5
      '@smithy/core': 3.33.3
      '@smithy/fetch-http-handler': 5.8.0
      '@smithy/node-http-handler': 4.12.1
      '@smithy/types': 4.18.0
      tslib: 2.8.1

  '@aws-sdk/core@3.977.9':
    dependencies:
      '@aws-sdk/types': 3.974.5
      '@aws-sdk/xml-builder': 3.972.40
      '@aws/lambda-invoke-store': 0.3.0
      '@smithy/core': 3.33.3
      '@smithy/signature-v4': 5.7.3
      '@smithy/types': 4.18.0
      bowser: 2.14.1
      tslib: 2.8.1

  '@aws-sdk/credential-provider-env@3.972.70':
    dependencies:
      '@aws-sdk/core': 3.977.9
      '@aws-sdk/types': 3.974.5
      '@smithy/core': 3.33.3
      '@smithy/types': 4.18.0
      tslib: 2.8.1

  '@aws-sdk/credential-provider-http@3.972.72':
    dependencies:
      '@aws-sdk/core': 3.977.9
      '@aws-sdk/types': 3.974.5
      '@smithy/core': 3.33.3
      '@smithy/fetch-http-handler': 5.8.0
      '@smithy/node-http-handler': 4.12.1
      '@smithy/types': 4.18.0
      tslib: 2.8.1

  '@aws-sdk/credential-provider-ini@3.973.15':
    dependencies:
      '@aws-sdk/core': 3.977.9
      '@aws-sdk/credential-provider-env': 3.972.70
      '@aws-sdk/credential-provider-http': 3.972.72
      '@aws-sdk/credential-provider-login': 3.972.77
      '@aws-sdk/credential-provider-process': 3.972.70
      '@aws-sdk/credential-provider-sso': 3.973.14
      '@aws-sdk/credential-provider-web-identity': 3.972.76
      '@aws-sdk/nested-clients': 3.997.44
      '@aws-sdk/types': 3.974.5
      '@smithy/core': 3.33.3
      '@smithy/credential-provider-imds': 4.5.2
      '@smithy/types': 4.18.0
      tslib: 2.8.1

  '@aws-sdk/credential-provider-login@3.972.77':
    dependencies:
      '@aws-sdk/core': 3.977.9
      '@aws-sdk/nested-clients': 3.997.44
      '@aws-sdk/types': 3.974.5
      '@smithy/core': 3.33.3
      '@smithy/types': 4.18.0
      tslib: 2.8.1

  '@aws-sdk/credential-provider-node@3.972.82':
    dependencies:
      '@aws-sdk/credential-provider-env': 3.972.70
      '@aws-sdk/credential-provider-http': 3.972.72
      '@aws-sdk/credential-provider-ini': 3.973.15
      '@aws-sdk/credential-provider-process': 3.972.70
      '@aws-sdk/credential-provider-sso': 3.973.14
      '@aws-sdk/credential-provider-web-identity': 3.972.76
      '@aws-sdk/types': 3.974.5
      '@smithy/core': 3.33.3
      '@smithy/credential-provider-imds': 4.5.2
      '@smithy/types': 4.18.0
      tslib: 2.8.1

  '@aws-sdk/credential-provider-process@3.972.70':
    dependencies:
      '@aws-sdk/core': 3.977.9
      '@aws-sdk/types': 3.974.5
      '@smithy/core': 3.33.3
      '@smithy/types': 4.18.0
      tslib: 2.8.1

  '@aws-sdk/credential-provider-sso@3.973.14':
    dependencies:
      '@aws-sdk/core': 3.977.9
      '@aws-sdk/nested-clients': 3.997.44
      '@aws-sdk/token-providers': 3.1116.0
      '@aws-sdk/types': 3.974.5
      '@smithy/core': 3.33.3
      '@smithy/types': 4.18.0
      tslib: 2.8.1

  '@aws-sdk/credential-provider-web-identity@3.972.76':
    dependencies:
      '@aws-sdk/core': 3.977.9
      '@aws-sdk/nested-clients': 3.997.44
      '@aws-sdk/types': 3.974.5
      '@smithy/core': 3.33.3
      '@smithy/types': 4.18.0
      tslib: 2.8.1

  '@aws-sdk/middleware-sdk-s3@3.972.75':
    dependencies:
      '@aws-sdk/core': 3.977.9
      '@aws-sdk/signature-v4-multi-region': 3.996.46
      '@aws-sdk/types': 3.974.5
      '@smithy/core': 3.33.3
      '@smithy/types': 4.18.0
      tslib: 2.8.1

  '@aws-sdk/nested-clients@3.997.44':
    dependencies:
      '@aws-sdk/core': 3.977.9
      '@aws-sdk/signature-v4-multi-region': 3.996.46
      '@aws-sdk/types': 3.974.5
      '@smithy/core': 3.33.3
      '@smithy/fetch-http-handler': 5.8.0
      '@smithy/node-http-handler': 4.12.1
      '@smithy/types': 4.18.0
      tslib: 2.8.1

  '@aws-sdk/signature-v4-multi-region@3.996.46':
    dependencies:
      '@aws-sdk/types': 3.974.5
      '@smithy/signature-v4': 5.7.3
      '@smithy/types': 4.18.0
      tslib: 2.8.1

  '@aws-sdk/token-providers@3.1116.0':
    dependencies:
      '@aws-sdk/core': 3.977.9
      '@aws-sdk/nested-clients': 3.997.44
      '@aws-sdk/types': 3.974.5
      '@smithy/core': 3.33.3
      '@smithy/types': 4.18.0
      tslib: 2.8.1

  '@aws-sdk/types@3.974.5':
    dependencies:
      '@smithy/types': 4.18.0
      tslib: 2.8.1

  '@aws-sdk/xml-builder@3.972.40':
    dependencies:
      '@smithy/types': 4.18.0
      tslib: 2.8.1

  '@aws/lambda-invoke-store@0.3.0': {}

  '@smithy/core@3.33.3':
    dependencies:
      '@smithy/types': 4.18.0
      tslib: 2.8.1

  '@smithy/credential-provider-imds@4.5.2':
    dependencies:
      '@smithy/core': 3.33.3
      '@smithy/types': 4.18.0
      tslib: 2.8.1

  '@smithy/fetch-http-handler@5.8.0':
    dependencies:
      '@smithy/core': 3.33.3
      '@smithy/types': 4.18.0
      tslib: 2.8.1

  '@smithy/node-http-handler@4.12.1':
    dependencies:
      '@smithy/core': 3.33.3
      '@smithy/types': 4.18.0
      tslib: 2.8.1

  '@smithy/signature-v4@5.7.3':
    dependencies:
      '@smithy/core': 3.33.3
      '@smithy/types': 4.18.0
      tslib: 2.8.1

  '@smithy/types@4.18.0':
    dependencies:
      tslib: 2.8.1

  '@vercel/ncc@0.45.0': {}

  bowser@2.14.1: {}

  tslib@2.8.1: {}

  tunnel@0.0.6: {}

  undici@6.28.0: {}
